// !$*UTF8*$!
{
	archiveVersion = 1;
	classes = {
	};
	objectVersion = 56;
	objects = {

/* Begin PBXBuildFile section */
		047BD8B52B20A2550021D3F9 /* SettingViewModel.swift in Sources */ = {isa = PBXBuildFile; fileRef = 047BD8B42B20A2550021D3F9 /* SettingViewModel.swift */; };
		048DDD7E2B2062DA00331E2A /* NotificationView.swift in Sources */ = {isa = PBXBuildFile; fileRef = 048DDD7D2B2062DA00331E2A /* NotificationView.swift */; };
		048DDD802B209A7C00331E2A /* SettingModel.swift in Sources */ = {isa = PBXBuildFile; fileRef = 048DDD7F2B209A7B00331E2A /* SettingModel.swift */; };
		B1ABEA422B200D3000F3C44A /* CYCApp.swift in Sources */ = {isa = PBXBuildFile; fileRef = B1ABEA412B200D3000F3C44A /* CYCApp.swift */; };
		B1ABEA442B200D3000F3C44A /* SettingView.swift in Sources */ = {isa = PBXBuildFile; fileRef = B1ABEA432B200D3000F3C44A /* SettingView.swift */; };
		B1ABEA462B200D3200F3C44A /* Assets.xcassets in Resources */ = {isa = PBXBuildFile; fileRef = B1ABEA452B200D3200F3C44A /* Assets.xcassets */; };
		B1ABEA492B200D3200F3C44A /* Preview Assets.xcassets in Resources */ = {isa = PBXBuildFile; fileRef = B1ABEA482B200D3200F3C44A /* Preview Assets.xcassets */; };
		B1ABEA592B200E0B00F3C44A /* Pretendard-Regular.otf in Resources */ = {isa = PBXBuildFile; fileRef = B1ABEA502B200E0B00F3C44A /* Pretendard-Regular.otf */; };
		B1ABEA5A2B200E0B00F3C44A /* Pretendard-Medium.otf in Resources */ = {isa = PBXBuildFile; fileRef = B1ABEA512B200E0B00F3C44A /* Pretendard-Medium.otf */; };
		B1ABEA5B2B200E0B00F3C44A /* Pretendard-SemiBold.otf in Resources */ = {isa = PBXBuildFile; fileRef = B1ABEA522B200E0B00F3C44A /* Pretendard-SemiBold.otf */; };
		B1ABEA5C2B200E0B00F3C44A /* Pretendard-ExtraBold.otf in Resources */ = {isa = PBXBuildFile; fileRef = B1ABEA532B200E0B00F3C44A /* Pretendard-ExtraBold.otf */; };
		B1ABEA5D2B200E0B00F3C44A /* Pretendard-Thin.otf in Resources */ = {isa = PBXBuildFile; fileRef = B1ABEA542B200E0B00F3C44A /* Pretendard-Thin.otf */; };
		B1ABEA5E2B200E0B00F3C44A /* Pretendard-Bold.otf in Resources */ = {isa = PBXBuildFile; fileRef = B1ABEA552B200E0B00F3C44A /* Pretendard-Bold.otf */; };
		B1ABEA5F2B200E0B00F3C44A /* Pretendard-Black.otf in Resources */ = {isa = PBXBuildFile; fileRef = B1ABEA562B200E0B00F3C44A /* Pretendard-Black.otf */; };
		B1ABEA602B200E0B00F3C44A /* Pretendard-Light.otf in Resources */ = {isa = PBXBuildFile; fileRef = B1ABEA572B200E0B00F3C44A /* Pretendard-Light.otf */; };
		B1ABEA612B200E0B00F3C44A /* Pretendard-ExtraLight.otf in Resources */ = {isa = PBXBuildFile; fileRef = B1ABEA582B200E0B00F3C44A /* Pretendard-ExtraLight.otf */; };
		B1ABEA642B200E5800F3C44A /* fontExtension.swift in Sources */ = {isa = PBXBuildFile; fileRef = B1ABEA632B200E5800F3C44A /* fontExtension.swift */; };
		B1ABEA682B2017E900F3C44A /* colorExtension.swift in Sources */ = {isa = PBXBuildFile; fileRef = B1ABEA672B2017E900F3C44A /* colorExtension.swift */; };
/* End PBXBuildFile section */

/* Begin PBXFileReference section */
		047BD8B42B20A2550021D3F9 /* SettingViewModel.swift */ = {isa = PBXFileReference; lastKnownFileType = sourcecode.swift; path = SettingViewModel.swift; sourceTree = "<group>"; };
		048DDD7D2B2062DA00331E2A /* NotificationView.swift */ = {isa = PBXFileReference; lastKnownFileType = sourcecode.swift; path = NotificationView.swift; sourceTree = "<group>"; };
		048DDD7F2B209A7B00331E2A /* SettingModel.swift */ = {isa = PBXFileReference; lastKnownFileType = sourcecode.swift; path = SettingModel.swift; sourceTree = "<group>"; };
		B1ABEA3E2B200D3000F3C44A /* CYC.app */ = {isa = PBXFileReference; explicitFileType = wrapper.application; includeInIndex = 0; path = CYC.app; sourceTree = BUILT_PRODUCTS_DIR; };
		B1ABEA412B200D3000F3C44A /* CYCApp.swift */ = {isa = PBXFileReference; lastKnownFileType = sourcecode.swift; path = CYCApp.swift; sourceTree = "<group>"; };
		B1ABEA432B200D3000F3C44A /* SettingView.swift */ = {isa = PBXFileReference; lastKnownFileType = sourcecode.swift; path = SettingView.swift; sourceTree = "<group>"; };
		B1ABEA452B200D3200F3C44A /* Assets.xcassets */ = {isa = PBXFileReference; lastKnownFileType = folder.assetcatalog; path = Assets.xcassets; sourceTree = "<group>"; };
		B1ABEA482B200D3200F3C44A /* Preview Assets.xcassets */ = {isa = PBXFileReference; lastKnownFileType = folder.assetcatalog; path = "Preview Assets.xcassets"; sourceTree = "<group>"; };
		B1ABEA502B200E0B00F3C44A /* Pretendard-Regular.otf */ = {isa = PBXFileReference; lastKnownFileType = file; path = "Pretendard-Regular.otf"; sourceTree = "<group>"; };
		B1ABEA512B200E0B00F3C44A /* Pretendard-Medium.otf */ = {isa = PBXFileReference; lastKnownFileType = file; path = "Pretendard-Medium.otf"; sourceTree = "<group>"; };
		B1ABEA522B200E0B00F3C44A /* Pretendard-SemiBold.otf */ = {isa = PBXFileReference; lastKnownFileType = file; path = "Pretendard-SemiBold.otf"; sourceTree = "<group>"; };
		B1ABEA532B200E0B00F3C44A /* Pretendard-ExtraBold.otf */ = {isa = PBXFileReference; lastKnownFileType = file; path = "Pretendard-ExtraBold.otf"; sourceTree = "<group>"; };
		B1ABEA542B200E0B00F3C44A /* Pretendard-Thin.otf */ = {isa = PBXFileReference; lastKnownFileType = file; path = "Pretendard-Thin.otf"; sourceTree = "<group>"; };
		B1ABEA552B200E0B00F3C44A /* Pretendard-Bold.otf */ = {isa = PBXFileReference; lastKnownFileType = file; path = "Pretendard-Bold.otf"; sourceTree = "<group>"; };
		B1ABEA562B200E0B00F3C44A /* Pretendard-Black.otf */ = {isa = PBXFileReference; lastKnownFileType = file; path = "Pretendard-Black.otf"; sourceTree = "<group>"; };
		B1ABEA572B200E0B00F3C44A /* Pretendard-Light.otf */ = {isa = PBXFileReference; lastKnownFileType = file; path = "Pretendard-Light.otf"; sourceTree = "<group>"; };
		B1ABEA582B200E0B00F3C44A /* Pretendard-ExtraLight.otf */ = {isa = PBXFileReference; lastKnownFileType = file; path = "Pretendard-ExtraLight.otf"; sourceTree = "<group>"; };
		B1ABEA632B200E5800F3C44A /* fontExtension.swift */ = {isa = PBXFileReference; lastKnownFileType = sourcecode.swift; path = fontExtension.swift; sourceTree = "<group>"; };
		B1ABEA652B200F9800F3C44A /* Info.plist */ = {isa = PBXFileReference; lastKnownFileType = text.plist; path = Info.plist; sourceTree = "<group>"; };
		B1ABEA672B2017E900F3C44A /* colorExtension.swift */ = {isa = PBXFileReference; lastKnownFileType = sourcecode.swift; path = colorExtension.swift; sourceTree = "<group>"; };
/* End PBXFileReference section */

/* Begin PBXFrameworksBuildPhase section */
		B1ABEA3B2B200D3000F3C44A /* Frameworks */ = {
			isa = PBXFrameworksBuildPhase;
			buildActionMask = 2147483647;
			files = (
			);
			runOnlyForDeploymentPostprocessing = 0;
		};
/* End PBXFrameworksBuildPhase section */

/* Begin PBXGroup section */
		047BD8B62B20A4530021D3F9 /* Model */ = {
			isa = PBXGroup;
			children = (
				048DDD7F2B209A7B00331E2A /* SettingModel.swift */,
			);
			path = Model;
			sourceTree = "<group>";
		};
		047BD8B72B20A4680021D3F9 /* ViewModel */ = {
			isa = PBXGroup;
			children = (
				047BD8B42B20A2550021D3F9 /* SettingViewModel.swift */,
			);
			path = ViewModel;
			sourceTree = "<group>";
		};
		048DDD812B209A8D00331E2A /* Views */ = {
			isa = PBXGroup;
			children = (
				B1ABEA432B200D3000F3C44A /* SettingView.swift */,
				048DDD7D2B2062DA00331E2A /* NotificationView.swift */,
			);
			path = Views;
			sourceTree = "<group>";
		};
		B1ABEA352B200D3000F3C44A = {
			isa = PBXGroup;
			children = (
				B1ABEA402B200D3000F3C44A /* CYC */,
				B1ABEA3F2B200D3000F3C44A /* Products */,
			);
			sourceTree = "<group>";
		};
		B1ABEA3F2B200D3000F3C44A /* Products */ = {
			isa = PBXGroup;
			children = (
				B1ABEA3E2B200D3000F3C44A /* CYC.app */,
			);
			name = Products;
			sourceTree = "<group>";
		};
		B1ABEA402B200D3000F3C44A /* CYC */ = {
			isa = PBXGroup;
			children = (
				B1ABEA652B200F9800F3C44A /* Info.plist */,
				B1ABEA412B200D3000F3C44A /* CYCApp.swift */,
				048DDD812B209A8D00331E2A /* Views */,
				047BD8B62B20A4530021D3F9 /* Model */,
				047BD8B72B20A4680021D3F9 /* ViewModel */,
				B1ABEA452B200D3200F3C44A /* Assets.xcassets */,
				B1ABEA622B200E3800F3C44A /* Extensions */,
				B1ABEA4F2B200D5100F3C44A /* Fonts */,
				B1ABEA472B200D3200F3C44A /* Preview Content */,
			);
			path = CYC;
			sourceTree = "<group>";
		};
		B1ABEA472B200D3200F3C44A /* Preview Content */ = {
			isa = PBXGroup;
			children = (
				B1ABEA482B200D3200F3C44A /* Preview Assets.xcassets */,
			);
			path = "Preview Content";
			sourceTree = "<group>";
		};
		B1ABEA4F2B200D5100F3C44A /* Fonts */ = {
			isa = PBXGroup;
			children = (
				B1ABEA562B200E0B00F3C44A /* Pretendard-Black.otf */,
				B1ABEA552B200E0B00F3C44A /* Pretendard-Bold.otf */,
				B1ABEA532B200E0B00F3C44A /* Pretendard-ExtraBold.otf */,
				B1ABEA582B200E0B00F3C44A /* Pretendard-ExtraLight.otf */,
				B1ABEA572B200E0B00F3C44A /* Pretendard-Light.otf */,
				B1ABEA512B200E0B00F3C44A /* Pretendard-Medium.otf */,
				B1ABEA502B200E0B00F3C44A /* Pretendard-Regular.otf */,
				B1ABEA522B200E0B00F3C44A /* Pretendard-SemiBold.otf */,
				B1ABEA542B200E0B00F3C44A /* Pretendard-Thin.otf */,
			);
			path = Fonts;
			sourceTree = "<group>";
		};
		B1ABEA622B200E3800F3C44A /* Extensions */ = {
			isa = PBXGroup;
			children = (
				B1ABEA632B200E5800F3C44A /* fontExtension.swift */,
				B1ABEA672B2017E900F3C44A /* colorExtension.swift */,
			);
			path = Extensions;
			sourceTree = "<group>";
		};
/* End PBXGroup section */

/* Begin PBXNativeTarget section */
		B1ABEA3D2B200D3000F3C44A /* CYC */ = {
			isa = PBXNativeTarget;
			buildConfigurationList = B1ABEA4C2B200D3200F3C44A /* Build configuration list for PBXNativeTarget "CYC" */;
			buildPhases = (
				B1ABEA3A2B200D3000F3C44A /* Sources */,
				B1ABEA3B2B200D3000F3C44A /* Frameworks */,
				B1ABEA3C2B200D3000F3C44A /* Resources */,
			);
			buildRules = (
			);
			dependencies = (
			);
			name = CYC;
			productName = CYC;
			productReference = B1ABEA3E2B200D3000F3C44A /* CYC.app */;
			productType = "com.apple.product-type.application";
		};
/* End PBXNativeTarget section */

/* Begin PBXProject section */
		B1ABEA362B200D3000F3C44A /* Project object */ = {
			isa = PBXProject;
			attributes = {
				BuildIndependentTargetsInParallel = 1;
				LastSwiftUpdateCheck = 1500;
				LastUpgradeCheck = 1500;
				TargetAttributes = {
					B1ABEA3D2B200D3000F3C44A = {
						CreatedOnToolsVersion = 15.0.1;
					};
				};
			};
			buildConfigurationList = B1ABEA392B200D3000F3C44A /* Build configuration list for PBXProject "CYC" */;
			compatibilityVersion = "Xcode 14.0";
			developmentRegion = en;
			hasScannedForEncodings = 0;
			knownRegions = (
				en,
				Base,
			);
			mainGroup = B1ABEA352B200D3000F3C44A;
			productRefGroup = B1ABEA3F2B200D3000F3C44A /* Products */;
			projectDirPath = "";
			projectRoot = "";
			targets = (
				B1ABEA3D2B200D3000F3C44A /* CYC */,
			);
		};
/* End PBXProject section */

/* Begin PBXResourcesBuildPhase section */
		B1ABEA3C2B200D3000F3C44A /* Resources */ = {
			isa = PBXResourcesBuildPhase;
			buildActionMask = 2147483647;
			files = (
				B1ABEA492B200D3200F3C44A /* Preview Assets.xcassets in Resources */,
				B1ABEA5E2B200E0B00F3C44A /* Pretendard-Bold.otf in Resources */,
				B1ABEA592B200E0B00F3C44A /* Pretendard-Regular.otf in Resources */,
				B1ABEA602B200E0B00F3C44A /* Pretendard-Light.otf in Resources */,
				B1ABEA5D2B200E0B00F3C44A /* Pretendard-Thin.otf in Resources */,
				B1ABEA5F2B200E0B00F3C44A /* Pretendard-Black.otf in Resources */,
				B1ABEA5C2B200E0B00F3C44A /* Pretendard-ExtraBold.otf in Resources */,
				B1ABEA5B2B200E0B00F3C44A /* Pretendard-SemiBold.otf in Resources */,
				B1ABEA462B200D3200F3C44A /* Assets.xcassets in Resources */,
				B1ABEA5A2B200E0B00F3C44A /* Pretendard-Medium.otf in Resources */,
				B1ABEA612B200E0B00F3C44A /* Pretendard-ExtraLight.otf in Resources */,
			);
			runOnlyForDeploymentPostprocessing = 0;
		};
/* End PBXResourcesBuildPhase section */

/* Begin PBXSourcesBuildPhase section */
		B1ABEA3A2B200D3000F3C44A /* Sources */ = {
			isa = PBXSourcesBuildPhase;
			buildActionMask = 2147483647;
			files = (
				B1ABEA442B200D3000F3C44A /* SettingView.swift in Sources */,
				047BD8B52B20A2550021D3F9 /* SettingViewModel.swift in Sources */,
				B1ABEA642B200E5800F3C44A /* fontExtension.swift in Sources */,
				048DDD802B209A7C00331E2A /* SettingModel.swift in Sources */,
				B1ABEA422B200D3000F3C44A /* CYCApp.swift in Sources */,
				B1ABEA682B2017E900F3C44A /* colorExtension.swift in Sources */,
				048DDD7E2B2062DA00331E2A /* NotificationView.swift in Sources */,
			);
			runOnlyForDeploymentPostprocessing = 0;
		};
/* End PBXSourcesBuildPhase section */

/* Begin XCBuildConfiguration section */
		B1ABEA4A2B200D3200F3C44A /* Debug */ = {
			isa = XCBuildConfiguration;
			buildSettings = {
				ALWAYS_SEARCH_USER_PATHS = NO;
				ASSETCATALOG_COMPILER_GENERATE_SWIFT_ASSET_SYMBOL_EXTENSIONS = YES;
				CLANG_ANALYZER_NONNULL = YES;
				CLANG_ANALYZER_NUMBER_OBJECT_CONVERSION = YES_AGGRESSIVE;
				CLANG_CXX_LANGUAGE_STANDARD = "gnu++20";
				CLANG_ENABLE_MODULES = YES;
				CLANG_ENABLE_OBJC_ARC = YES;
				CLANG_ENABLE_OBJC_WEAK = YES;
				CLANG_WARN_BLOCK_CAPTURE_AUTORELEASING = YES;
				CLANG_WARN_BOOL_CONVERSION = YES;
				CLANG_WARN_COMMA = YES;
				CLANG_WARN_CONSTANT_CONVERSION = YES;
				CLANG_WARN_DEPRECATED_OBJC_IMPLEMENTATIONS = YES;
				CLANG_WARN_DIRECT_OBJC_ISA_USAGE = YES_ERROR;
				CLANG_WARN_DOCUMENTATION_COMMENTS = YES;
				CLANG_WARN_EMPTY_BODY = YES;
				CLANG_WARN_ENUM_CONVERSION = YES;
				CLANG_WARN_INFINITE_RECURSION = YES;
				CLANG_WARN_INT_CONVERSION = YES;
				CLANG_WARN_NON_LITERAL_NULL_CONVERSION = YES;
				CLANG_WARN_OBJC_IMPLICIT_RETAIN_SELF = YES;
				CLANG_WARN_OBJC_LITERAL_CONVERSION = YES;
				CLANG_WARN_OBJC_ROOT_CLASS = YES_ERROR;
				CLANG_WARN_QUOTED_INCLUDE_IN_FRAMEWORK_HEADER = YES;
				CLANG_WARN_RANGE_LOOP_ANALYSIS = YES;
				CLANG_WARN_STRICT_PROTOTYPES = YES;
				CLANG_WARN_SUSPICIOUS_MOVE = YES;
				CLANG_WARN_UNGUARDED_AVAILABILITY = YES_AGGRESSIVE;
				CLANG_WARN_UNREACHABLE_CODE = YES;
				CLANG_WARN__DUPLICATE_METHOD_MATCH = YES;
				COPY_PHASE_STRIP = NO;
				DEBUG_INFORMATION_FORMAT = dwarf;
				ENABLE_STRICT_OBJC_MSGSEND = YES;
				ENABLE_TESTABILITY = YES;
				ENABLE_USER_SCRIPT_SANDBOXING = YES;
				GCC_C_LANGUAGE_STANDARD = gnu17;
				GCC_DYNAMIC_NO_PIC = NO;
				GCC_NO_COMMON_BLOCKS = YES;
				GCC_OPTIMIZATION_LEVEL = 0;
				GCC_PREPROCESSOR_DEFINITIONS = (
					"DEBUG=1",
					"$(inherited)",
				);
				GCC_WARN_64_TO_32_BIT_CONVERSION = YES;
				GCC_WARN_ABOUT_RETURN_TYPE = YES_ERROR;
				GCC_WARN_UNDECLARED_SELECTOR = YES;
				GCC_WARN_UNINITIALIZED_AUTOS = YES_AGGRESSIVE;
				GCC_WARN_UNUSED_FUNCTION = YES;
				GCC_WARN_UNUSED_VARIABLE = YES;
				IPHONEOS_DEPLOYMENT_TARGET = 17.0;
				LOCALIZATION_PREFERS_STRING_CATALOGS = YES;
				MTL_ENABLE_DEBUG_INFO = INCLUDE_SOURCE;
				MTL_FAST_MATH = YES;
				ONLY_ACTIVE_ARCH = YES;
				SDKROOT = iphoneos;
				SWIFT_ACTIVE_COMPILATION_CONDITIONS = "DEBUG $(inherited)";
				SWIFT_OPTIMIZATION_LEVEL = "-Onone";
			};
			name = Debug;
		};
		B1ABEA4B2B200D3200F3C44A /* Release */ = {
			isa = XCBuildConfiguration;
			buildSettings = {
				ALWAYS_SEARCH_USER_PATHS = NO;
				ASSETCATALOG_COMPILER_GENERATE_SWIFT_ASSET_SYMBOL_EXTENSIONS = YES;
				CLANG_ANALYZER_NONNULL = YES;
				CLANG_ANALYZER_NUMBER_OBJECT_CONVERSION = YES_AGGRESSIVE;
				CLANG_CXX_LANGUAGE_STANDARD = "gnu++20";
				CLANG_ENABLE_MODULES = YES;
				CLANG_ENABLE_OBJC_ARC = YES;
				CLANG_ENABLE_OBJC_WEAK = YES;
				CLANG_WARN_BLOCK_CAPTURE_AUTORELEASING = YES;
				CLANG_WARN_BOOL_CONVERSION = YES;
				CLANG_WARN_COMMA = YES;
				CLANG_WARN_CONSTANT_CONVERSION = YES;
				CLANG_WARN_DEPRECATED_OBJC_IMPLEMENTATIONS = YES;
				CLANG_WARN_DIRECT_OBJC_ISA_USAGE = YES_ERROR;
				CLANG_WARN_DOCUMENTATION_COMMENTS = YES;
				CLANG_WARN_EMPTY_BODY = YES;
				CLANG_WARN_ENUM_CONVERSION = YES;
				CLANG_WARN_INFINITE_RECURSION = YES;
				CLANG_WARN_INT_CONVERSION = YES;
				CLANG_WARN_NON_LITERAL_NULL_CONVERSION = YES;
				CLANG_WARN_OBJC_IMPLICIT_RETAIN_SELF = YES;
				CLANG_WARN_OBJC_LITERAL_CONVERSION = YES;
				CLANG_WARN_OBJC_ROOT_CLASS = YES_ERROR;
				CLANG_WARN_QUOTED_INCLUDE_IN_FRAMEWORK_HEADER = YES;
				CLANG_WARN_RANGE_LOOP_ANALYSIS = YES;
				CLANG_WARN_STRICT_PROTOTYPES = YES;
				CLANG_WARN_SUSPICIOUS_MOVE = YES;
				CLANG_WARN_UNGUARDED_AVAILABILITY = YES_AGGRESSIVE;
				CLANG_WARN_UNREACHABLE_CODE = YES;
				CLANG_WARN__DUPLICATE_METHOD_MATCH = YES;
				COPY_PHASE_STRIP = NO;
				DEBUG_INFORMATION_FORMAT = "dwarf-with-dsym";
				ENABLE_NS_ASSERTIONS = NO;
				ENABLE_STRICT_OBJC_MSGSEND = YES;
				ENABLE_USER_SCRIPT_SANDBOXING = YES;
				GCC_C_LANGUAGE_STANDARD = gnu17;
				GCC_NO_COMMON_BLOCKS = YES;
				GCC_WARN_64_TO_32_BIT_CONVERSION = YES;
				GCC_WARN_ABOUT_RETURN_TYPE = YES_ERROR;
				GCC_WARN_UNDECLARED_SELECTOR = YES;
				GCC_WARN_UNINITIALIZED_AUTOS = YES_AGGRESSIVE;
				GCC_WARN_UNUSED_FUNCTION = YES;
				GCC_WARN_UNUSED_VARIABLE = YES;
				IPHONEOS_DEPLOYMENT_TARGET = 17.0;
				LOCALIZATION_PREFERS_STRING_CATALOGS = YES;
				MTL_ENABLE_DEBUG_INFO = NO;
				MTL_FAST_MATH = YES;
				SDKROOT = iphoneos;
				SWIFT_COMPILATION_MODE = wholemodule;
				VALIDATE_PRODUCT = YES;
			};
			name = Release;
		};
		B1ABEA4D2B200D3200F3C44A /* Debug */ = {
			isa = XCBuildConfiguration;
			buildSettings = {
				ASSETCATALOG_COMPILER_APPICON_NAME = AppIcon;
				ASSETCATALOG_COMPILER_GLOBAL_ACCENT_COLOR_NAME = AccentColor;
				CODE_SIGN_STYLE = Automatic;
				CURRENT_PROJECT_VERSION = 1;
				DEVELOPMENT_ASSET_PATHS = "\"CYC/Preview Content\"";
				DEVELOPMENT_TEAM = H545GGT7HM;
				ENABLE_PREVIEWS = YES;
				GENERATE_INFOPLIST_FILE = YES;
				INFOPLIST_FILE = CYC/Info.plist;
				INFOPLIST_KEY_UIApplicationSceneManifest_Generation = YES;
				INFOPLIST_KEY_UIApplicationSupportsIndirectInputEvents = YES;
				INFOPLIST_KEY_UILaunchScreen_Generation = YES;
				INFOPLIST_KEY_UISupportedInterfaceOrientations_iPad = "UIInterfaceOrientationPortrait UIInterfaceOrientationPortraitUpsideDown UIInterfaceOrientationLandscapeLeft UIInterfaceOrientationLandscapeRight";
				INFOPLIST_KEY_UISupportedInterfaceOrientations_iPhone = "UIInterfaceOrientationPortrait UIInterfaceOrientationLandscapeLeft UIInterfaceOrientationLandscapeRight";
				LD_RUNPATH_SEARCH_PATHS = (
					"$(inherited)",
					"@executable_path/Frameworks",
				);
				MARKETING_VERSION = 1.0;
				PRODUCT_BUNDLE_IDENTIFIER = Liam.CYC;
				PRODUCT_NAME = "$(TARGET_NAME)";
				SWIFT_EMIT_LOC_STRINGS = YES;
				SWIFT_VERSION = 5.0;
				TARGETED_DEVICE_FAMILY = "1,2";
			};
			name = Debug;
		};
		B1ABEA4E2B200D3200F3C44A /* Release */ = {
			isa = XCBuildConfiguration;
			buildSettings = {
				ASSETCATALOG_COMPILER_APPICON_NAME = AppIcon;
				ASSETCATALOG_COMPILER_GLOBAL_ACCENT_COLOR_NAME = AccentColor;
				CODE_SIGN_STYLE = Automatic;
				CURRENT_PROJECT_VERSION = 1;
				DEVELOPMENT_ASSET_PATHS = "\"CYC/Preview Content\"";
				DEVELOPMENT_TEAM = H545GGT7HM;
				ENABLE_PREVIEWS = YES;
				GENERATE_INFOPLIST_FILE = YES;
				INFOPLIST_FILE = CYC/Info.plist;
				INFOPLIST_KEY_UIApplicationSceneManifest_Generation = YES;
				INFOPLIST_KEY_UIApplicationSupportsIndirectInputEvents = YES;
				INFOPLIST_KEY_UILaunchScreen_Generation = YES;
				INFOPLIST_KEY_UISupportedInterfaceOrientations_iPad = "UIInterfaceOrientationPortrait UIInterfaceOrientationPortraitUpsideDown UIInterfaceOrientationLandscapeLeft UIInterfaceOrientationLandscapeRight";
				INFOPLIST_KEY_UISupportedInterfaceOrientations_iPhone = "UIInterfaceOrientationPortrait UIInterfaceOrientationLandscapeLeft UIInterfaceOrientationLandscapeRight";
				LD_RUNPATH_SEARCH_PATHS = (
					"$(inherited)",
					"@executable_path/Frameworks",
				);
				MARKETING_VERSION = 1.0;
				PRODUCT_BUNDLE_IDENTIFIER = Liam.CYC;
				PRODUCT_NAME = "$(TARGET_NAME)";
				SWIFT_EMIT_LOC_STRINGS = YES;
				SWIFT_VERSION = 5.0;
				TARGETED_DEVICE_FAMILY = "1,2";
			};
			name = Release;
		};
/* End XCBuildConfiguration section */

/* Begin XCConfigurationList section */
		B1ABEA392B200D3000F3C44A /* Build configuration list for PBXProject "CYC" */ = {
			isa = XCConfigurationList;
			buildConfigurations = (
				B1ABEA4A2B200D3200F3C44A /* Debug */,
				B1ABEA4B2B200D3200F3C44A /* Release */,
			);
			defaultConfigurationIsVisible = 0;
			defaultConfigurationName = Release;
		};
		B1ABEA4C2B200D3200F3C44A /* Build configuration list for PBXNativeTarget "CYC" */ = {
			isa = XCConfigurationList;
			buildConfigurations = (
				B1ABEA4D2B200D3200F3C44A /* Debug */,
				B1ABEA4E2B200D3200F3C44A /* Release */,
			);
			defaultConfigurationIsVisible = 0;
			defaultConfigurationName = Release;
		};
/* End XCConfigurationList section */
	};
	rootObject = B1ABEA362B200D3000F3C44A /* Project object */;
}
