// !$*UTF8*$!
{
	archiveVersion = 1;
	classes = {
	};
	objectVersion = 56;
	objects = {

/* Begin PBXBuildFile section */
		047F35AB2B21A54800574504 /* LicenseModel.swift in Sources */ = {isa = PBXBuildFile; fileRef = 047F35A62B21A54800574504 /* LicenseModel.swift */; };
		047F35AC2B21A54800574504 /* TodoAddView.swift in Sources */ = {isa = PBXBuildFile; fileRef = 047F35A72B21A54800574504 /* TodoAddView.swift */; };
		047F35AD2B21A54800574504 /* TodoView.swift in Sources */ = {isa = PBXBuildFile; fileRef = 047F35A82B21A54800574504 /* TodoView.swift */; };
		047F35AE2B21A54800574504 /* SettingView.swift in Sources */ = {isa = PBXBuildFile; fileRef = 047F35A92B21A54800574504 /* SettingView.swift */; };
		047F35AF2B21A54800574504 /* NotificationView.swift in Sources */ = {isa = PBXBuildFile; fileRef = 047F35AA2B21A54800574504 /* NotificationView.swift */; };
		047F35B22B21A55500574504 /* TodoModel.swift in Sources */ = {isa = PBXBuildFile; fileRef = 047F35B02B21A55500574504 /* TodoModel.swift */; };
		047F35B32B21A55500574504 /* SettingModel.swift in Sources */ = {isa = PBXBuildFile; fileRef = 047F35B12B21A55500574504 /* SettingModel.swift */; };
		047F35B82B21A57900574504 /* TodoViewModel.swift in Sources */ = {isa = PBXBuildFile; fileRef = 047F35B52B21A57900574504 /* TodoViewModel.swift */; };
		047F35B92B21A57900574504 /* SettingViewModel.swift in Sources */ = {isa = PBXBuildFile; fileRef = 047F35B62B21A57900574504 /* SettingViewModel.swift */; };
		047F35BA2B21A57900574504 /* LicenseViewModel.swift in Sources */ = {isa = PBXBuildFile; fileRef = 047F35B72B21A57900574504 /* LicenseViewModel.swift */; };
		6317B3CB2B2033CD0039795E /* LoginView.swift in Sources */ = {isa = PBXBuildFile; fileRef = 6317B3CA2B2033CD0039795E /* LoginView.swift */; };
		6317B3CD2B203B1C0039795E /* OnboardingTabView.swift in Sources */ = {isa = PBXBuildFile; fileRef = 6317B3CC2B203B1C0039795E /* OnboardingTabView.swift */; };
		6317B3D22B2045450039795E /* PersonModel.swift in Sources */ = {isa = PBXBuildFile; fileRef = 6317B3D12B2045450039795E /* PersonModel.swift */; };
		6317B3D42B2045860039795E /* PersonGridView.swift in Sources */ = {isa = PBXBuildFile; fileRef = 6317B3D32B2045860039795E /* PersonGridView.swift */; };
		6317B3D62B2049C60039795E /* AboutCYC.swift in Sources */ = {isa = PBXBuildFile; fileRef = 6317B3D52B2049C60039795E /* AboutCYC.swift */; };
		6317B3D82B20514D0039795E /* CustomSpacing.swift in Sources */ = {isa = PBXBuildFile; fileRef = 6317B3D72B20514D0039795E /* CustomSpacing.swift */; };
		6317B3E02B21546B0039795E /* WidgetKit.framework in Frameworks */ = {isa = PBXBuildFile; fileRef = 6317B3DF2B21546B0039795E /* WidgetKit.framework */; };
		6317B3E22B21546B0039795E /* SwiftUI.framework in Frameworks */ = {isa = PBXBuildFile; fileRef = 6317B3E12B21546B0039795E /* SwiftUI.framework */; };
		6317B3E52B21546B0039795E /* CYCWidgetBundle.swift in Sources */ = {isa = PBXBuildFile; fileRef = 6317B3E42B21546B0039795E /* CYCWidgetBundle.swift */; };
		6317B3E72B21546B0039795E /* CYCWidgetLiveActivity.swift in Sources */ = {isa = PBXBuildFile; fileRef = 6317B3E62B21546B0039795E /* CYCWidgetLiveActivity.swift */; };
		6317B3E92B21546B0039795E /* CYCWidget.swift in Sources */ = {isa = PBXBuildFile; fileRef = 6317B3E82B21546B0039795E /* CYCWidget.swift */; };
		6317B3EB2B21546B0039795E /* AppIntent.swift in Sources */ = {isa = PBXBuildFile; fileRef = 6317B3EA2B21546B0039795E /* AppIntent.swift */; };
		6317B3ED2B21546D0039795E /* Assets.xcassets in Resources */ = {isa = PBXBuildFile; fileRef = 6317B3EC2B21546D0039795E /* Assets.xcassets */; };
		6317B3F12B21546D0039795E /* CYCWidgetExtension.appex in Embed Foundation Extensions */ = {isa = PBXBuildFile; fileRef = 6317B3DD2B21546B0039795E /* CYCWidgetExtension.appex */; settings = {ATTRIBUTES = (RemoveHeadersOnCopy, ); }; };
		6317B3F72B2154A00039795E /* AppIntent.swift in Sources */ = {isa = PBXBuildFile; fileRef = 6317B3EA2B21546B0039795E /* AppIntent.swift */; };
		6317B3F92B2154B80039795E /* fontExtension.swift in Sources */ = {isa = PBXBuildFile; fileRef = B1ABEA632B200E5800F3C44A /* fontExtension.swift */; };
		6317B3FA2B2154BA0039795E /* CustomSpacing.swift in Sources */ = {isa = PBXBuildFile; fileRef = 6317B3D72B20514D0039795E /* CustomSpacing.swift */; };
		6317B3FB2B2154BD0039795E /* colorExtension.swift in Sources */ = {isa = PBXBuildFile; fileRef = B1ABEA672B2017E900F3C44A /* colorExtension.swift */; };
		6317B3FC2B2154C30039795E /* Pretendard-Black.otf in Resources */ = {isa = PBXBuildFile; fileRef = B1ABEA562B200E0B00F3C44A /* Pretendard-Black.otf */; };
		6317B3FD2B2154C50039795E /* Pretendard-Bold.otf in Resources */ = {isa = PBXBuildFile; fileRef = B1ABEA552B200E0B00F3C44A /* Pretendard-Bold.otf */; };
		6317B3FE2B2154C70039795E /* Pretendard-ExtraBold.otf in Resources */ = {isa = PBXBuildFile; fileRef = B1ABEA532B200E0B00F3C44A /* Pretendard-ExtraBold.otf */; };
		6317B3FF2B2154CA0039795E /* Pretendard-ExtraLight.otf in Resources */ = {isa = PBXBuildFile; fileRef = B1ABEA582B200E0B00F3C44A /* Pretendard-ExtraLight.otf */; };
		6317B4002B2154CC0039795E /* Pretendard-Light.otf in Resources */ = {isa = PBXBuildFile; fileRef = B1ABEA572B200E0B00F3C44A /* Pretendard-Light.otf */; };
		6317B4012B2154CE0039795E /* Pretendard-Medium.otf in Resources */ = {isa = PBXBuildFile; fileRef = B1ABEA512B200E0B00F3C44A /* Pretendard-Medium.otf */; };
		6317B4022B2154D00039795E /* Pretendard-Regular.otf in Resources */ = {isa = PBXBuildFile; fileRef = B1ABEA502B200E0B00F3C44A /* Pretendard-Regular.otf */; };
		6317B4032B2154D20039795E /* Pretendard-SemiBold.otf in Resources */ = {isa = PBXBuildFile; fileRef = B1ABEA522B200E0B00F3C44A /* Pretendard-SemiBold.otf */; };
		6317B4042B2154D40039795E /* Pretendard-Thin.otf in Resources */ = {isa = PBXBuildFile; fileRef = B1ABEA542B200E0B00F3C44A /* Pretendard-Thin.otf */; };
		6317B40A2B2183A50039795E /* MainView.swift in Sources */ = {isa = PBXBuildFile; fileRef = 6317B4092B2183A50039795E /* MainView.swift */; };
		B1ABEA422B200D3000F3C44A /* CYCApp.swift in Sources */ = {isa = PBXBuildFile; fileRef = B1ABEA412B200D3000F3C44A /* CYCApp.swift */; };
		B1ABEA442B200D3000F3C44A /* ContentView.swift in Sources */ = {isa = PBXBuildFile; fileRef = B1ABEA432B200D3000F3C44A /* ContentView.swift */; };
		B1ABEA462B200D3200F3C44A /* Assets.xcassets in Resources */ = {isa = PBXBuildFile; fileRef = B1ABEA452B200D3200F3C44A /* Assets.xcassets */; };
		B1ABEA492B200D3200F3C44A /* Preview Assets.xcassets in Resources */ = {isa = PBXBuildFile; fileRef = B1ABEA482B200D3200F3C44A /* Preview Assets.xcassets */; };
		B1ABEA592B200E0B00F3C44A /* Pretendard-Regular.otf in Resources */ = {isa = PBXBuildFile; fileRef = B1ABEA502B200E0B00F3C44A /* Pretendard-Regular.otf */; };
		B1ABEA5A2B200E0B00F3C44A /* Pretendard-Medium.otf in Resources */ = {isa = PBXBuildFile; fileRef = B1ABEA512B200E0B00F3C44A /* Pretendard-Medium.otf */; };
		B1ABEA5B2B200E0B00F3C44A /* Pretendard-SemiBold.otf in Resources */ = {isa = PBXBuildFile; fileRef = B1ABEA522B200E0B00F3C44A /* Pretendard-SemiBold.otf */; };
		B1ABEA5C2B200E0B00F3C44A /* Pretendard-ExtraBold.otf in Resources */ = {isa = PBXBuildFile; fileRef = B1ABEA532B200E0B00F3C44A /* Pretendard-ExtraBold.otf */; };
		B1ABEA5D2B200E0B00F3C44A /* Pretendard-Thin.otf in Resources */ = {isa = PBXBuildFile; fileRef = B1ABEA542B200E0B00F3C44A /* Pretendard-Thin.otf */; };
		B1ABEA5E2B200E0B00F3C44A /* Pretendard-Bold.otf in Resources */ = {isa = PBXBuildFile; fileRef = B1ABEA552B200E0B00F3C44A /* Pretendard-Bold.otf */; };
		B1ABEA5F2B200E0B00F3C44A /* Pretendard-Black.otf in Resources */ = {isa = PBXBuildFile; fileRef = B1ABEA562B200E0B00F3C44A /* Pretendard-Black.otf */; };
		B1ABEA602B200E0B00F3C44A /* Pretendard-Light.otf in Resources */ = {isa = PBXBuildFile; fileRef = B1ABEA572B200E0B00F3C44A /* Pretendard-Light.otf */; };
		B1ABEA612B200E0B00F3C44A /* Pretendard-ExtraLight.otf in Resources */ = {isa = PBXBuildFile; fileRef = B1ABEA582B200E0B00F3C44A /* Pretendard-ExtraLight.otf */; };
		B1ABEA642B200E5800F3C44A /* fontExtension.swift in Sources */ = {isa = PBXBuildFile; fileRef = B1ABEA632B200E5800F3C44A /* fontExtension.swift */; };
		B1ABEA682B2017E900F3C44A /* colorExtension.swift in Sources */ = {isa = PBXBuildFile; fileRef = B1ABEA672B2017E900F3C44A /* colorExtension.swift */; };
		B1ABEA6A2B20496E00F3C44A /* GoogleService-Info.plist in Resources */ = {isa = PBXBuildFile; fileRef = B1ABEA692B20496D00F3C44A /* GoogleService-Info.plist */; };
		B1ABEA792B20617500F3C44A /* FirebaseAnalytics in Frameworks */ = {isa = PBXBuildFile; productRef = B1ABEA782B20617500F3C44A /* FirebaseAnalytics */; };
		B1ABEA7B2B20617500F3C44A /* FirebaseAnalyticsOnDeviceConversion in Frameworks */ = {isa = PBXBuildFile; productRef = B1ABEA7A2B20617500F3C44A /* FirebaseAnalyticsOnDeviceConversion */; };
		B1ABEA7D2B20617500F3C44A /* FirebaseAnalyticsSwift in Frameworks */ = {isa = PBXBuildFile; productRef = B1ABEA7C2B20617500F3C44A /* FirebaseAnalyticsSwift */; };
		B1ABEA7F2B20617500F3C44A /* FirebaseAnalyticsWithoutAdIdSupport in Frameworks */ = {isa = PBXBuildFile; productRef = B1ABEA7E2B20617500F3C44A /* FirebaseAnalyticsWithoutAdIdSupport */; };
		B1ABEA812B20617500F3C44A /* FirebaseAppCheck in Frameworks */ = {isa = PBXBuildFile; productRef = B1ABEA802B20617500F3C44A /* FirebaseAppCheck */; };
		B1ABEA842B20621E00F3C44A /* FirebaseMessaging in Frameworks */ = {isa = PBXBuildFile; productRef = B1ABEA832B20621E00F3C44A /* FirebaseMessaging */; };
/* End PBXBuildFile section */

/* Begin PBXContainerItemProxy section */
		6317B3EF2B21546D0039795E /* PBXContainerItemProxy */ = {
			isa = PBXContainerItemProxy;
			containerPortal = B1ABEA362B200D3000F3C44A /* Project object */;
			proxyType = 1;
			remoteGlobalIDString = 6317B3DC2B21546B0039795E;
			remoteInfo = CYCWidgetExtension;
		};
/* End PBXContainerItemProxy section */

/* Begin PBXCopyFilesBuildPhase section */
		6317B3F22B21546D0039795E /* Embed Foundation Extensions */ = {
			isa = PBXCopyFilesBuildPhase;
			buildActionMask = 2147483647;
			dstPath = "";
			dstSubfolderSpec = 13;
			files = (
				6317B3F12B21546D0039795E /* CYCWidgetExtension.appex in Embed Foundation Extensions */,
			);
			name = "Embed Foundation Extensions";
			runOnlyForDeploymentPostprocessing = 0;
		};
/* End PBXCopyFilesBuildPhase section */

/* Begin PBXFileReference section */
		047F35A62B21A54800574504 /* LicenseModel.swift */ = {isa = PBXFileReference; fileEncoding = 4; lastKnownFileType = sourcecode.swift; path = LicenseModel.swift; sourceTree = "<group>"; };
		047F35A72B21A54800574504 /* TodoAddView.swift */ = {isa = PBXFileReference; fileEncoding = 4; lastKnownFileType = sourcecode.swift; path = TodoAddView.swift; sourceTree = "<group>"; };
		047F35A82B21A54800574504 /* TodoView.swift */ = {isa = PBXFileReference; fileEncoding = 4; lastKnownFileType = sourcecode.swift; path = TodoView.swift; sourceTree = "<group>"; };
		047F35A92B21A54800574504 /* SettingView.swift */ = {isa = PBXFileReference; fileEncoding = 4; lastKnownFileType = sourcecode.swift; path = SettingView.swift; sourceTree = "<group>"; };
		047F35AA2B21A54800574504 /* NotificationView.swift */ = {isa = PBXFileReference; fileEncoding = 4; lastKnownFileType = sourcecode.swift; path = NotificationView.swift; sourceTree = "<group>"; };
		047F35B02B21A55500574504 /* TodoModel.swift */ = {isa = PBXFileReference; fileEncoding = 4; lastKnownFileType = sourcecode.swift; path = TodoModel.swift; sourceTree = "<group>"; };
		047F35B12B21A55500574504 /* SettingModel.swift */ = {isa = PBXFileReference; fileEncoding = 4; lastKnownFileType = sourcecode.swift; path = SettingModel.swift; sourceTree = "<group>"; };
		047F35B52B21A57900574504 /* TodoViewModel.swift */ = {isa = PBXFileReference; fileEncoding = 4; lastKnownFileType = sourcecode.swift; path = TodoViewModel.swift; sourceTree = "<group>"; };
		047F35B62B21A57900574504 /* SettingViewModel.swift */ = {isa = PBXFileReference; fileEncoding = 4; lastKnownFileType = sourcecode.swift; path = SettingViewModel.swift; sourceTree = "<group>"; };
		047F35B72B21A57900574504 /* LicenseViewModel.swift */ = {isa = PBXFileReference; fileEncoding = 4; lastKnownFileType = sourcecode.swift; path = LicenseViewModel.swift; sourceTree = "<group>"; };
		6317B3CA2B2033CD0039795E /* LoginView.swift */ = {isa = PBXFileReference; lastKnownFileType = sourcecode.swift; path = LoginView.swift; sourceTree = "<group>"; };
		6317B3CC2B203B1C0039795E /* OnboardingTabView.swift */ = {isa = PBXFileReference; lastKnownFileType = sourcecode.swift; path = OnboardingTabView.swift; sourceTree = "<group>"; };
		6317B3D12B2045450039795E /* PersonModel.swift */ = {isa = PBXFileReference; lastKnownFileType = sourcecode.swift; path = PersonModel.swift; sourceTree = "<group>"; };
		6317B3D32B2045860039795E /* PersonGridView.swift */ = {isa = PBXFileReference; lastKnownFileType = sourcecode.swift; path = PersonGridView.swift; sourceTree = "<group>"; };
		6317B3D52B2049C60039795E /* AboutCYC.swift */ = {isa = PBXFileReference; lastKnownFileType = sourcecode.swift; path = AboutCYC.swift; sourceTree = "<group>"; };
		6317B3D72B20514D0039795E /* CustomSpacing.swift */ = {isa = PBXFileReference; lastKnownFileType = sourcecode.swift; path = CustomSpacing.swift; sourceTree = "<group>"; };
		6317B3DD2B21546B0039795E /* CYCWidgetExtension.appex */ = {isa = PBXFileReference; explicitFileType = "wrapper.app-extension"; includeInIndex = 0; path = CYCWidgetExtension.appex; sourceTree = BUILT_PRODUCTS_DIR; };
		6317B3DF2B21546B0039795E /* WidgetKit.framework */ = {isa = PBXFileReference; lastKnownFileType = wrapper.framework; name = WidgetKit.framework; path = System/Library/Frameworks/WidgetKit.framework; sourceTree = SDKROOT; };
		6317B3E12B21546B0039795E /* SwiftUI.framework */ = {isa = PBXFileReference; lastKnownFileType = wrapper.framework; name = SwiftUI.framework; path = System/Library/Frameworks/SwiftUI.framework; sourceTree = SDKROOT; };
		6317B3E42B21546B0039795E /* CYCWidgetBundle.swift */ = {isa = PBXFileReference; lastKnownFileType = sourcecode.swift; path = CYCWidgetBundle.swift; sourceTree = "<group>"; };
		6317B3E62B21546B0039795E /* CYCWidgetLiveActivity.swift */ = {isa = PBXFileReference; lastKnownFileType = sourcecode.swift; path = CYCWidgetLiveActivity.swift; sourceTree = "<group>"; };
		6317B3E82B21546B0039795E /* CYCWidget.swift */ = {isa = PBXFileReference; lastKnownFileType = sourcecode.swift; path = CYCWidget.swift; sourceTree = "<group>"; };
		6317B3EA2B21546B0039795E /* AppIntent.swift */ = {isa = PBXFileReference; lastKnownFileType = sourcecode.swift; path = AppIntent.swift; sourceTree = "<group>"; };
		6317B3EC2B21546D0039795E /* Assets.xcassets */ = {isa = PBXFileReference; lastKnownFileType = folder.assetcatalog; path = Assets.xcassets; sourceTree = "<group>"; };
		6317B3EE2B21546D0039795E /* Info.plist */ = {isa = PBXFileReference; lastKnownFileType = text.plist.xml; path = Info.plist; sourceTree = "<group>"; };
		6317B4092B2183A50039795E /* MainView.swift */ = {isa = PBXFileReference; lastKnownFileType = sourcecode.swift; path = MainView.swift; sourceTree = "<group>"; };
		B1ABEA3E2B200D3000F3C44A /* CYC.app */ = {isa = PBXFileReference; explicitFileType = wrapper.application; includeInIndex = 0; path = CYC.app; sourceTree = BUILT_PRODUCTS_DIR; };
		B1ABEA412B200D3000F3C44A /* CYCApp.swift */ = {isa = PBXFileReference; lastKnownFileType = sourcecode.swift; path = CYCApp.swift; sourceTree = "<group>"; };
		B1ABEA432B200D3000F3C44A /* ContentView.swift */ = {isa = PBXFileReference; lastKnownFileType = sourcecode.swift; path = ContentView.swift; sourceTree = "<group>"; };
		B1ABEA452B200D3200F3C44A /* Assets.xcassets */ = {isa = PBXFileReference; lastKnownFileType = folder.assetcatalog; path = Assets.xcassets; sourceTree = "<group>"; };
		B1ABEA482B200D3200F3C44A /* Preview Assets.xcassets */ = {isa = PBXFileReference; lastKnownFileType = folder.assetcatalog; path = "Preview Assets.xcassets"; sourceTree = "<group>"; };
		B1ABEA502B200E0B00F3C44A /* Pretendard-Regular.otf */ = {isa = PBXFileReference; lastKnownFileType = file; path = "Pretendard-Regular.otf"; sourceTree = "<group>"; };
		B1ABEA512B200E0B00F3C44A /* Pretendard-Medium.otf */ = {isa = PBXFileReference; lastKnownFileType = file; path = "Pretendard-Medium.otf"; sourceTree = "<group>"; };
		B1ABEA522B200E0B00F3C44A /* Pretendard-SemiBold.otf */ = {isa = PBXFileReference; lastKnownFileType = file; path = "Pretendard-SemiBold.otf"; sourceTree = "<group>"; };
		B1ABEA532B200E0B00F3C44A /* Pretendard-ExtraBold.otf */ = {isa = PBXFileReference; lastKnownFileType = file; path = "Pretendard-ExtraBold.otf"; sourceTree = "<group>"; };
		B1ABEA542B200E0B00F3C44A /* Pretendard-Thin.otf */ = {isa = PBXFileReference; lastKnownFileType = file; path = "Pretendard-Thin.otf"; sourceTree = "<group>"; };
		B1ABEA552B200E0B00F3C44A /* Pretendard-Bold.otf */ = {isa = PBXFileReference; lastKnownFileType = file; path = "Pretendard-Bold.otf"; sourceTree = "<group>"; };
		B1ABEA562B200E0B00F3C44A /* Pretendard-Black.otf */ = {isa = PBXFileReference; lastKnownFileType = file; path = "Pretendard-Black.otf"; sourceTree = "<group>"; };
		B1ABEA572B200E0B00F3C44A /* Pretendard-Light.otf */ = {isa = PBXFileReference; lastKnownFileType = file; path = "Pretendard-Light.otf"; sourceTree = "<group>"; };
		B1ABEA582B200E0B00F3C44A /* Pretendard-ExtraLight.otf */ = {isa = PBXFileReference; lastKnownFileType = file; path = "Pretendard-ExtraLight.otf"; sourceTree = "<group>"; };
		B1ABEA632B200E5800F3C44A /* fontExtension.swift */ = {isa = PBXFileReference; lastKnownFileType = sourcecode.swift; path = fontExtension.swift; sourceTree = "<group>"; };
		B1ABEA652B200F9800F3C44A /* Info.plist */ = {isa = PBXFileReference; lastKnownFileType = text.plist; path = Info.plist; sourceTree = "<group>"; };
		B1ABEA672B2017E900F3C44A /* colorExtension.swift */ = {isa = PBXFileReference; lastKnownFileType = sourcecode.swift; path = colorExtension.swift; sourceTree = "<group>"; };
		B1ABEA692B20496D00F3C44A /* GoogleService-Info.plist */ = {isa = PBXFileReference; fileEncoding = 4; lastKnownFileType = text.plist.xml; path = "GoogleService-Info.plist"; sourceTree = "<group>"; };
		B1ABEA762B204C6100F3C44A /* CYC.entitlements */ = {isa = PBXFileReference; lastKnownFileType = text.plist.entitlements; path = CYC.entitlements; sourceTree = "<group>"; };
/* End PBXFileReference section */

/* Begin PBXFrameworksBuildPhase section */
		6317B3DA2B21546B0039795E /* Frameworks */ = {
			isa = PBXFrameworksBuildPhase;
			buildActionMask = 2147483647;
			files = (
				6317B3E22B21546B0039795E /* SwiftUI.framework in Frameworks */,
				6317B3E02B21546B0039795E /* WidgetKit.framework in Frameworks */,
			);
			runOnlyForDeploymentPostprocessing = 0;
		};
		B1ABEA3B2B200D3000F3C44A /* Frameworks */ = {
			isa = PBXFrameworksBuildPhase;
			buildActionMask = 2147483647;
			files = (
				B1ABEA842B20621E00F3C44A /* FirebaseMessaging in Frameworks */,
				B1ABEA7D2B20617500F3C44A /* FirebaseAnalyticsSwift in Frameworks */,
				B1ABEA792B20617500F3C44A /* FirebaseAnalytics in Frameworks */,
				B1ABEA7B2B20617500F3C44A /* FirebaseAnalyticsOnDeviceConversion in Frameworks */,
				B1ABEA812B20617500F3C44A /* FirebaseAppCheck in Frameworks */,
				B1ABEA7F2B20617500F3C44A /* FirebaseAnalyticsWithoutAdIdSupport in Frameworks */,
			);
			runOnlyForDeploymentPostprocessing = 0;
		};
/* End PBXFrameworksBuildPhase section */

/* Begin PBXGroup section */
		047F35B42B21A56B00574504 /* ViewModel */ = {
			isa = PBXGroup;
			children = (
				047F35B72B21A57900574504 /* LicenseViewModel.swift */,
				047F35B62B21A57900574504 /* SettingViewModel.swift */,
				047F35B52B21A57900574504 /* TodoViewModel.swift */,
			);
			path = ViewModel;
			sourceTree = "<group>";
		};
		6317B3CE2B2045120039795E /* PersonProfile */ = {
			isa = PBXGroup;
			children = (
				6317B3D02B20453A0039795E /* View */,
				6317B3CF2B2045320039795E /* Model */,
			);
			path = PersonProfile;
			sourceTree = "<group>";
		};
		6317B3CF2B2045320039795E /* Model */ = {
			isa = PBXGroup;
			children = (
				6317B3D12B2045450039795E /* PersonModel.swift */,
				047F35B12B21A55500574504 /* SettingModel.swift */,
				047F35B02B21A55500574504 /* TodoModel.swift */,
				047F35B42B21A56B00574504 /* ViewModel */,
			);
			path = Model;
			sourceTree = "<group>";
		};
		6317B3D02B20453A0039795E /* View */ = {
			isa = PBXGroup;
			children = (
				6317B3D32B2045860039795E /* PersonGridView.swift */,
				6317B3D52B2049C60039795E /* AboutCYC.swift */,
				047F35A62B21A54800574504 /* LicenseModel.swift */,
				047F35AA2B21A54800574504 /* NotificationView.swift */,
				047F35A92B21A54800574504 /* SettingView.swift */,
				047F35A72B21A54800574504 /* TodoAddView.swift */,
				047F35A82B21A54800574504 /* TodoView.swift */,
			);
			path = View;
			sourceTree = "<group>";
		};
		6317B3DE2B21546B0039795E /* Frameworks */ = {
			isa = PBXGroup;
			children = (
				6317B3DF2B21546B0039795E /* WidgetKit.framework */,
				6317B3E12B21546B0039795E /* SwiftUI.framework */,
			);
			name = Frameworks;
			sourceTree = "<group>";
		};
		6317B3E32B21546B0039795E /* CYCWidget */ = {
			isa = PBXGroup;
			children = (
				6317B3E42B21546B0039795E /* CYCWidgetBundle.swift */,
				6317B3E62B21546B0039795E /* CYCWidgetLiveActivity.swift */,
				6317B3E82B21546B0039795E /* CYCWidget.swift */,
				6317B3EA2B21546B0039795E /* AppIntent.swift */,
				6317B3EC2B21546D0039795E /* Assets.xcassets */,
				6317B3EE2B21546D0039795E /* Info.plist */,
			);
			path = CYCWidget;
			sourceTree = "<group>";
		};
		B1ABEA352B200D3000F3C44A = {
			isa = PBXGroup;
			children = (
				B1ABEA402B200D3000F3C44A /* CYC */,
				6317B3E32B21546B0039795E /* CYCWidget */,
				6317B3DE2B21546B0039795E /* Frameworks */,
				B1ABEA3F2B200D3000F3C44A /* Products */,
				B1ABEA822B20621E00F3C44A /* Frameworks */,
			);
			sourceTree = "<group>";
		};
		B1ABEA3F2B200D3000F3C44A /* Products */ = {
			isa = PBXGroup;
			children = (
				B1ABEA3E2B200D3000F3C44A /* CYC.app */,
				6317B3DD2B21546B0039795E /* CYCWidgetExtension.appex */,
			);
			name = Products;
			sourceTree = "<group>";
		};
		B1ABEA402B200D3000F3C44A /* CYC */ = {
			isa = PBXGroup;
			children = (
				B1ABEA762B204C6100F3C44A /* CYC.entitlements */,
				B1ABEA652B200F9800F3C44A /* Info.plist */,
				B1ABEA692B20496D00F3C44A /* GoogleService-Info.plist */,
				B1ABEA412B200D3000F3C44A /* CYCApp.swift */,
				6317B4092B2183A50039795E /* MainView.swift */,
				B1ABEA432B200D3000F3C44A /* ContentView.swift */,
				6317B3CA2B2033CD0039795E /* LoginView.swift */,
				6317B3CC2B203B1C0039795E /* OnboardingTabView.swift */,
				6317B3CE2B2045120039795E /* PersonProfile */,
				B1ABEA452B200D3200F3C44A /* Assets.xcassets */,
				B1ABEA622B200E3800F3C44A /* Extensions */,
				B1ABEA4F2B200D5100F3C44A /* Fonts */,
				B1ABEA472B200D3200F3C44A /* Preview Content */,
			);
			path = CYC;
			sourceTree = "<group>";
		};
		B1ABEA472B200D3200F3C44A /* Preview Content */ = {
			isa = PBXGroup;
			children = (
				B1ABEA482B200D3200F3C44A /* Preview Assets.xcassets */,
			);
			path = "Preview Content";
			sourceTree = "<group>";
		};
		B1ABEA4F2B200D5100F3C44A /* Fonts */ = {
			isa = PBXGroup;
			children = (
				B1ABEA562B200E0B00F3C44A /* Pretendard-Black.otf */,
				B1ABEA552B200E0B00F3C44A /* Pretendard-Bold.otf */,
				B1ABEA532B200E0B00F3C44A /* Pretendard-ExtraBold.otf */,
				B1ABEA582B200E0B00F3C44A /* Pretendard-ExtraLight.otf */,
				B1ABEA572B200E0B00F3C44A /* Pretendard-Light.otf */,
				B1ABEA512B200E0B00F3C44A /* Pretendard-Medium.otf */,
				B1ABEA502B200E0B00F3C44A /* Pretendard-Regular.otf */,
				B1ABEA522B200E0B00F3C44A /* Pretendard-SemiBold.otf */,
				B1ABEA542B200E0B00F3C44A /* Pretendard-Thin.otf */,
			);
			path = Fonts;
			sourceTree = "<group>";
		};
		B1ABEA622B200E3800F3C44A /* Extensions */ = {
			isa = PBXGroup;
			children = (
				B1ABEA632B200E5800F3C44A /* fontExtension.swift */,
				6317B3D72B20514D0039795E /* CustomSpacing.swift */,
				B1ABEA672B2017E900F3C44A /* colorExtension.swift */,
			);
			path = Extensions;
			sourceTree = "<group>";
		};
		B1ABEA822B20621E00F3C44A /* Frameworks */ = {
			isa = PBXGroup;
			children = (
			);
			name = Frameworks;
			sourceTree = "<group>";
		};
/* End PBXGroup section */

/* Begin PBXNativeTarget section */
		6317B3DC2B21546B0039795E /* CYCWidgetExtension */ = {
			isa = PBXNativeTarget;
			buildConfigurationList = 6317B3F52B21546D0039795E /* Build configuration list for PBXNativeTarget "CYCWidgetExtension" */;
			buildPhases = (
				6317B3D92B21546B0039795E /* Sources */,
				6317B3DA2B21546B0039795E /* Frameworks */,
				6317B3DB2B21546B0039795E /* Resources */,
			);
			buildRules = (
			);
			dependencies = (
			);
			name = CYCWidgetExtension;
			productName = CYCWidgetExtension;
			productReference = 6317B3DD2B21546B0039795E /* CYCWidgetExtension.appex */;
			productType = "com.apple.product-type.app-extension";
		};
		B1ABEA3D2B200D3000F3C44A /* CYC */ = {
			isa = PBXNativeTarget;
			buildConfigurationList = B1ABEA4C2B200D3200F3C44A /* Build configuration list for PBXNativeTarget "CYC" */;
			buildPhases = (
				B1ABEA3A2B200D3000F3C44A /* Sources */,
				B1ABEA3B2B200D3000F3C44A /* Frameworks */,
				B1ABEA3C2B200D3000F3C44A /* Resources */,
				6317B3F22B21546D0039795E /* Embed Foundation Extensions */,
			);
			buildRules = (
			);
			dependencies = (
				6317B3F02B21546D0039795E /* PBXTargetDependency */,
			);
			name = CYC;
			packageProductDependencies = (
				B1ABEA782B20617500F3C44A /* FirebaseAnalytics */,
				B1ABEA7A2B20617500F3C44A /* FirebaseAnalyticsOnDeviceConversion */,
				B1ABEA7C2B20617500F3C44A /* FirebaseAnalyticsSwift */,
				B1ABEA7E2B20617500F3C44A /* FirebaseAnalyticsWithoutAdIdSupport */,
				B1ABEA802B20617500F3C44A /* FirebaseAppCheck */,
				B1ABEA832B20621E00F3C44A /* FirebaseMessaging */,
			);
			productName = CYC;
			productReference = B1ABEA3E2B200D3000F3C44A /* CYC.app */;
			productType = "com.apple.product-type.application";
		};
/* End PBXNativeTarget section */

/* Begin PBXProject section */
		B1ABEA362B200D3000F3C44A /* Project object */ = {
			isa = PBXProject;
			attributes = {
				BuildIndependentTargetsInParallel = 1;
				LastSwiftUpdateCheck = 1500;
				LastUpgradeCheck = 1500;
				TargetAttributes = {
					6317B3DC2B21546B0039795E = {
						CreatedOnToolsVersion = 15.0.1;
					};
					B1ABEA3D2B200D3000F3C44A = {
						CreatedOnToolsVersion = 15.0.1;
					};
				};
			};
			buildConfigurationList = B1ABEA392B200D3000F3C44A /* Build configuration list for PBXProject "CYC" */;
			compatibilityVersion = "Xcode 14.0";
			developmentRegion = en;
			hasScannedForEncodings = 0;
			knownRegions = (
				en,
				Base,
			);
			mainGroup = B1ABEA352B200D3000F3C44A;
			packageReferences = (
				B1ABEA772B20617500F3C44A /* XCRemoteSwiftPackageReference "firebase-ios-sdk" */,
			);
			productRefGroup = B1ABEA3F2B200D3000F3C44A /* Products */;
			projectDirPath = "";
			projectRoot = "";
			targets = (
				B1ABEA3D2B200D3000F3C44A /* CYC */,
				6317B3DC2B21546B0039795E /* CYCWidgetExtension */,
			);
		};
/* End PBXProject section */

/* Begin PBXResourcesBuildPhase section */
		6317B3DB2B21546B0039795E /* Resources */ = {
			isa = PBXResourcesBuildPhase;
			buildActionMask = 2147483647;
			files = (
				6317B4012B2154CE0039795E /* Pretendard-Medium.otf in Resources */,
				6317B4042B2154D40039795E /* Pretendard-Thin.otf in Resources */,
				6317B3FC2B2154C30039795E /* Pretendard-Black.otf in Resources */,
				6317B3FD2B2154C50039795E /* Pretendard-Bold.otf in Resources */,
				6317B3FF2B2154CA0039795E /* Pretendard-ExtraLight.otf in Resources */,
				6317B3FE2B2154C70039795E /* Pretendard-ExtraBold.otf in Resources */,
				6317B4022B2154D00039795E /* Pretendard-Regular.otf in Resources */,
				6317B4032B2154D20039795E /* Pretendard-SemiBold.otf in Resources */,
				6317B3ED2B21546D0039795E /* Assets.xcassets in Resources */,
				6317B4002B2154CC0039795E /* Pretendard-Light.otf in Resources */,
			);
			runOnlyForDeploymentPostprocessing = 0;
		};
		B1ABEA3C2B200D3000F3C44A /* Resources */ = {
			isa = PBXResourcesBuildPhase;
			buildActionMask = 2147483647;
			files = (
				B1ABEA492B200D3200F3C44A /* Preview Assets.xcassets in Resources */,
				B1ABEA5E2B200E0B00F3C44A /* Pretendard-Bold.otf in Resources */,
				B1ABEA592B200E0B00F3C44A /* Pretendard-Regular.otf in Resources */,
				B1ABEA602B200E0B00F3C44A /* Pretendard-Light.otf in Resources */,
				B1ABEA5D2B200E0B00F3C44A /* Pretendard-Thin.otf in Resources */,
				B1ABEA6A2B20496E00F3C44A /* GoogleService-Info.plist in Resources */,
				B1ABEA5F2B200E0B00F3C44A /* Pretendard-Black.otf in Resources */,
				B1ABEA5C2B200E0B00F3C44A /* Pretendard-ExtraBold.otf in Resources */,
				B1ABEA5B2B200E0B00F3C44A /* Pretendard-SemiBold.otf in Resources */,
				B1ABEA462B200D3200F3C44A /* Assets.xcassets in Resources */,
				B1ABEA5A2B200E0B00F3C44A /* Pretendard-Medium.otf in Resources */,
				B1ABEA612B200E0B00F3C44A /* Pretendard-ExtraLight.otf in Resources */,
			);
			runOnlyForDeploymentPostprocessing = 0;
		};
/* End PBXResourcesBuildPhase section */

/* Begin PBXSourcesBuildPhase section */
		6317B3D92B21546B0039795E /* Sources */ = {
			isa = PBXSourcesBuildPhase;
			buildActionMask = 2147483647;
			files = (
				6317B3FA2B2154BA0039795E /* CustomSpacing.swift in Sources */,
				6317B3E72B21546B0039795E /* CYCWidgetLiveActivity.swift in Sources */,
				6317B3FB2B2154BD0039795E /* colorExtension.swift in Sources */,
				6317B3EB2B21546B0039795E /* AppIntent.swift in Sources */,
				6317B3E52B21546B0039795E /* CYCWidgetBundle.swift in Sources */,
				6317B3F92B2154B80039795E /* fontExtension.swift in Sources */,
				6317B3E92B21546B0039795E /* CYCWidget.swift in Sources */,
			);
			runOnlyForDeploymentPostprocessing = 0;
		};
		B1ABEA3A2B200D3000F3C44A /* Sources */ = {
			isa = PBXSourcesBuildPhase;
			buildActionMask = 2147483647;
			files = (
				B1ABEA442B200D3000F3C44A /* ContentView.swift in Sources */,
				047F35B92B21A57900574504 /* SettingViewModel.swift in Sources */,
				6317B40A2B2183A50039795E /* MainView.swift in Sources */,
				047F35AC2B21A54800574504 /* TodoAddView.swift in Sources */,
				047F35BA2B21A57900574504 /* LicenseViewModel.swift in Sources */,
				6317B3D62B2049C60039795E /* AboutCYC.swift in Sources */,
				6317B3D22B2045450039795E /* PersonModel.swift in Sources */,
				047F35AE2B21A54800574504 /* SettingView.swift in Sources */,
				047F35AF2B21A54800574504 /* NotificationView.swift in Sources */,
				6317B3CD2B203B1C0039795E /* OnboardingTabView.swift in Sources */,
				047F35B82B21A57900574504 /* TodoViewModel.swift in Sources */,
				047F35B32B21A55500574504 /* SettingModel.swift in Sources */,
				B1ABEA642B200E5800F3C44A /* fontExtension.swift in Sources */,
				047F35B22B21A55500574504 /* TodoModel.swift in Sources */,
				6317B3F72B2154A00039795E /* AppIntent.swift in Sources */,
				B1ABEA422B200D3000F3C44A /* CYCApp.swift in Sources */,
				6317B3D82B20514D0039795E /* CustomSpacing.swift in Sources */,
				6317B3CB2B2033CD0039795E /* LoginView.swift in Sources */,
				B1ABEA682B2017E900F3C44A /* colorExtension.swift in Sources */,
				047F35AD2B21A54800574504 /* TodoView.swift in Sources */,
				6317B3D42B2045860039795E /* PersonGridView.swift in Sources */,
				047F35AB2B21A54800574504 /* LicenseModel.swift in Sources */,
			);
			runOnlyForDeploymentPostprocessing = 0;
		};
/* End PBXSourcesBuildPhase section */

/* Begin PBXTargetDependency section */
		6317B3F02B21546D0039795E /* PBXTargetDependency */ = {
			isa = PBXTargetDependency;
			target = 6317B3DC2B21546B0039795E /* CYCWidgetExtension */;
			targetProxy = 6317B3EF2B21546D0039795E /* PBXContainerItemProxy */;
		};
/* End PBXTargetDependency section */

/* Begin XCBuildConfiguration section */
		6317B3F32B21546D0039795E /* Debug */ = {
			isa = XCBuildConfiguration;
			buildSettings = {
				ASSETCATALOG_COMPILER_GLOBAL_ACCENT_COLOR_NAME = AccentColor;
				ASSETCATALOG_COMPILER_WIDGET_BACKGROUND_COLOR_NAME = WidgetBackground;
				CODE_SIGN_STYLE = Automatic;
				CURRENT_PROJECT_VERSION = 1;
				DEVELOPMENT_TEAM = A8L5QZ969G;
				GENERATE_INFOPLIST_FILE = YES;
				INFOPLIST_FILE = CYCWidget/Info.plist;
				INFOPLIST_KEY_CFBundleDisplayName = CYCWidget;
				INFOPLIST_KEY_NSHumanReadableCopyright = "";
				LD_RUNPATH_SEARCH_PATHS = (
					"$(inherited)",
					"@executable_path/Frameworks",
					"@executable_path/../../Frameworks",
				);
				MARKETING_VERSION = 1.0;
				PRODUCT_BUNDLE_IDENTIFIER = thanky.CYC.CYCWidget;
				PRODUCT_NAME = "$(TARGET_NAME)";
				SKIP_INSTALL = YES;
				SWIFT_EMIT_LOC_STRINGS = YES;
				SWIFT_VERSION = 5.0;
				TARGETED_DEVICE_FAMILY = "1,2";
			};
			name = Debug;
		};
		6317B3F42B21546D0039795E /* Release */ = {
			isa = XCBuildConfiguration;
			buildSettings = {
				ASSETCATALOG_COMPILER_GLOBAL_ACCENT_COLOR_NAME = AccentColor;
				ASSETCATALOG_COMPILER_WIDGET_BACKGROUND_COLOR_NAME = WidgetBackground;
				CODE_SIGN_STYLE = Automatic;
				CURRENT_PROJECT_VERSION = 1;
				DEVELOPMENT_TEAM = A8L5QZ969G;
				GENERATE_INFOPLIST_FILE = YES;
				INFOPLIST_FILE = CYCWidget/Info.plist;
				INFOPLIST_KEY_CFBundleDisplayName = CYCWidget;
				INFOPLIST_KEY_NSHumanReadableCopyright = "";
				LD_RUNPATH_SEARCH_PATHS = (
					"$(inherited)",
					"@executable_path/Frameworks",
					"@executable_path/../../Frameworks",
				);
				MARKETING_VERSION = 1.0;
				PRODUCT_BUNDLE_IDENTIFIER = thanky.CYC.CYCWidget;
				PRODUCT_NAME = "$(TARGET_NAME)";
				SKIP_INSTALL = YES;
				SWIFT_EMIT_LOC_STRINGS = YES;
				SWIFT_VERSION = 5.0;
				TARGETED_DEVICE_FAMILY = "1,2";
			};
			name = Release;
		};
		B1ABEA4A2B200D3200F3C44A /* Debug */ = {
			isa = XCBuildConfiguration;
			buildSettings = {
				ALWAYS_SEARCH_USER_PATHS = NO;
				ASSETCATALOG_COMPILER_GENERATE_SWIFT_ASSET_SYMBOL_EXTENSIONS = YES;
				CLANG_ANALYZER_NONNULL = YES;
				CLANG_ANALYZER_NUMBER_OBJECT_CONVERSION = YES_AGGRESSIVE;
				CLANG_CXX_LANGUAGE_STANDARD = "gnu++20";
				CLANG_ENABLE_MODULES = YES;
				CLANG_ENABLE_OBJC_ARC = YES;
				CLANG_ENABLE_OBJC_WEAK = YES;
				CLANG_WARN_BLOCK_CAPTURE_AUTORELEASING = YES;
				CLANG_WARN_BOOL_CONVERSION = YES;
				CLANG_WARN_COMMA = YES;
				CLANG_WARN_CONSTANT_CONVERSION = YES;
				CLANG_WARN_DEPRECATED_OBJC_IMPLEMENTATIONS = YES;
				CLANG_WARN_DIRECT_OBJC_ISA_USAGE = YES_ERROR;
				CLANG_WARN_DOCUMENTATION_COMMENTS = YES;
				CLANG_WARN_EMPTY_BODY = YES;
				CLANG_WARN_ENUM_CONVERSION = YES;
				CLANG_WARN_INFINITE_RECURSION = YES;
				CLANG_WARN_INT_CONVERSION = YES;
				CLANG_WARN_NON_LITERAL_NULL_CONVERSION = YES;
				CLANG_WARN_OBJC_IMPLICIT_RETAIN_SELF = YES;
				CLANG_WARN_OBJC_LITERAL_CONVERSION = YES;
				CLANG_WARN_OBJC_ROOT_CLASS = YES_ERROR;
				CLANG_WARN_QUOTED_INCLUDE_IN_FRAMEWORK_HEADER = YES;
				CLANG_WARN_RANGE_LOOP_ANALYSIS = YES;
				CLANG_WARN_STRICT_PROTOTYPES = YES;
				CLANG_WARN_SUSPICIOUS_MOVE = YES;
				CLANG_WARN_UNGUARDED_AVAILABILITY = YES_AGGRESSIVE;
				CLANG_WARN_UNREACHABLE_CODE = YES;
				CLANG_WARN__DUPLICATE_METHOD_MATCH = YES;
				COPY_PHASE_STRIP = NO;
				DEBUG_INFORMATION_FORMAT = dwarf;
				ENABLE_STRICT_OBJC_MSGSEND = YES;
				ENABLE_TESTABILITY = YES;
				ENABLE_USER_SCRIPT_SANDBOXING = YES;
				GCC_C_LANGUAGE_STANDARD = gnu17;
				GCC_DYNAMIC_NO_PIC = NO;
				GCC_NO_COMMON_BLOCKS = YES;
				GCC_OPTIMIZATION_LEVEL = 0;
				GCC_PREPROCESSOR_DEFINITIONS = (
					"DEBUG=1",
					"$(inherited)",
				);
				GCC_WARN_64_TO_32_BIT_CONVERSION = YES;
				GCC_WARN_ABOUT_RETURN_TYPE = YES_ERROR;
				GCC_WARN_UNDECLARED_SELECTOR = YES;
				GCC_WARN_UNINITIALIZED_AUTOS = YES_AGGRESSIVE;
				GCC_WARN_UNUSED_FUNCTION = YES;
				GCC_WARN_UNUSED_VARIABLE = YES;
				IPHONEOS_DEPLOYMENT_TARGET = 17.0;
				LOCALIZATION_PREFERS_STRING_CATALOGS = YES;
				MTL_ENABLE_DEBUG_INFO = INCLUDE_SOURCE;
				MTL_FAST_MATH = YES;
				ONLY_ACTIVE_ARCH = YES;
				SDKROOT = iphoneos;
				SWIFT_ACTIVE_COMPILATION_CONDITIONS = "DEBUG $(inherited)";
				SWIFT_OPTIMIZATION_LEVEL = "-Onone";
			};
			name = Debug;
		};
		B1ABEA4B2B200D3200F3C44A /* Release */ = {
			isa = XCBuildConfiguration;
			buildSettings = {
				ALWAYS_SEARCH_USER_PATHS = NO;
				ASSETCATALOG_COMPILER_GENERATE_SWIFT_ASSET_SYMBOL_EXTENSIONS = YES;
				CLANG_ANALYZER_NONNULL = YES;
				CLANG_ANALYZER_NUMBER_OBJECT_CONVERSION = YES_AGGRESSIVE;
				CLANG_CXX_LANGUAGE_STANDARD = "gnu++20";
				CLANG_ENABLE_MODULES = YES;
				CLANG_ENABLE_OBJC_ARC = YES;
				CLANG_ENABLE_OBJC_WEAK = YES;
				CLANG_WARN_BLOCK_CAPTURE_AUTORELEASING = YES;
				CLANG_WARN_BOOL_CONVERSION = YES;
				CLANG_WARN_COMMA = YES;
				CLANG_WARN_CONSTANT_CONVERSION = YES;
				CLANG_WARN_DEPRECATED_OBJC_IMPLEMENTATIONS = YES;
				CLANG_WARN_DIRECT_OBJC_ISA_USAGE = YES_ERROR;
				CLANG_WARN_DOCUMENTATION_COMMENTS = YES;
				CLANG_WARN_EMPTY_BODY = YES;
				CLANG_WARN_ENUM_CONVERSION = YES;
				CLANG_WARN_INFINITE_RECURSION = YES;
				CLANG_WARN_INT_CONVERSION = YES;
				CLANG_WARN_NON_LITERAL_NULL_CONVERSION = YES;
				CLANG_WARN_OBJC_IMPLICIT_RETAIN_SELF = YES;
				CLANG_WARN_OBJC_LITERAL_CONVERSION = YES;
				CLANG_WARN_OBJC_ROOT_CLASS = YES_ERROR;
				CLANG_WARN_QUOTED_INCLUDE_IN_FRAMEWORK_HEADER = YES;
				CLANG_WARN_RANGE_LOOP_ANALYSIS = YES;
				CLANG_WARN_STRICT_PROTOTYPES = YES;
				CLANG_WARN_SUSPICIOUS_MOVE = YES;
				CLANG_WARN_UNGUARDED_AVAILABILITY = YES_AGGRESSIVE;
				CLANG_WARN_UNREACHABLE_CODE = YES;
				CLANG_WARN__DUPLICATE_METHOD_MATCH = YES;
				COPY_PHASE_STRIP = NO;
				DEBUG_INFORMATION_FORMAT = "dwarf-with-dsym";
				ENABLE_NS_ASSERTIONS = NO;
				ENABLE_STRICT_OBJC_MSGSEND = YES;
				ENABLE_USER_SCRIPT_SANDBOXING = YES;
				GCC_C_LANGUAGE_STANDARD = gnu17;
				GCC_NO_COMMON_BLOCKS = YES;
				GCC_WARN_64_TO_32_BIT_CONVERSION = YES;
				GCC_WARN_ABOUT_RETURN_TYPE = YES_ERROR;
				GCC_WARN_UNDECLARED_SELECTOR = YES;
				GCC_WARN_UNINITIALIZED_AUTOS = YES_AGGRESSIVE;
				GCC_WARN_UNUSED_FUNCTION = YES;
				GCC_WARN_UNUSED_VARIABLE = YES;
				IPHONEOS_DEPLOYMENT_TARGET = 17.0;
				LOCALIZATION_PREFERS_STRING_CATALOGS = YES;
				MTL_ENABLE_DEBUG_INFO = NO;
				MTL_FAST_MATH = YES;
				SDKROOT = iphoneos;
				SWIFT_COMPILATION_MODE = wholemodule;
				VALIDATE_PRODUCT = YES;
			};
			name = Release;
		};
		B1ABEA4D2B200D3200F3C44A /* Debug */ = {
			isa = XCBuildConfiguration;
			buildSettings = {
				ALWAYS_EMBED_SWIFT_STANDARD_LIBRARIES = YES;
				ASSETCATALOG_COMPILER_APPICON_NAME = AppIcon;
				ASSETCATALOG_COMPILER_GLOBAL_ACCENT_COLOR_NAME = AccentColor;
				CODE_SIGN_ENTITLEMENTS = CYC/CYC.entitlements;
				CODE_SIGN_STYLE = Automatic;
				CURRENT_PROJECT_VERSION = 1;
				DEVELOPMENT_ASSET_PATHS = "\"CYC/Preview Content\"";
				DEVELOPMENT_TEAM = A8L5QZ969G;
				ENABLE_PREVIEWS = YES;
				GENERATE_INFOPLIST_FILE = YES;
				INFOPLIST_FILE = CYC/Info.plist;
				INFOPLIST_KEY_UIApplicationSceneManifest_Generation = YES;
				INFOPLIST_KEY_UIApplicationSupportsIndirectInputEvents = YES;
				INFOPLIST_KEY_UILaunchScreen_Generation = YES;
				INFOPLIST_KEY_UISupportedInterfaceOrientations_iPad = "UIInterfaceOrientationPortrait UIInterfaceOrientationPortraitUpsideDown UIInterfaceOrientationLandscapeLeft UIInterfaceOrientationLandscapeRight";
				INFOPLIST_KEY_UISupportedInterfaceOrientations_iPhone = "UIInterfaceOrientationPortrait UIInterfaceOrientationLandscapeLeft UIInterfaceOrientationLandscapeRight";
				LD_RUNPATH_SEARCH_PATHS = (
					"$(inherited)",
					"@executable_path/Frameworks",
				);
				MARKETING_VERSION = 1.0;
				PRODUCT_BUNDLE_IDENTIFIER = thanky.CYC;
				PRODUCT_NAME = "$(TARGET_NAME)";
				SWIFT_EMIT_LOC_STRINGS = YES;
				SWIFT_VERSION = 5.0;
				TARGETED_DEVICE_FAMILY = "1,2";
			};
			name = Debug;
		};
		B1ABEA4E2B200D3200F3C44A /* Release */ = {
			isa = XCBuildConfiguration;
			buildSettings = {
				ALWAYS_EMBED_SWIFT_STANDARD_LIBRARIES = YES;
				ASSETCATALOG_COMPILER_APPICON_NAME = AppIcon;
				ASSETCATALOG_COMPILER_GLOBAL_ACCENT_COLOR_NAME = AccentColor;
				CODE_SIGN_ENTITLEMENTS = CYC/CYC.entitlements;
				CODE_SIGN_STYLE = Automatic;
				CURRENT_PROJECT_VERSION = 1;
				DEVELOPMENT_ASSET_PATHS = "\"CYC/Preview Content\"";
				DEVELOPMENT_TEAM = A8L5QZ969G;
				ENABLE_PREVIEWS = YES;
				GENERATE_INFOPLIST_FILE = YES;
				INFOPLIST_FILE = CYC/Info.plist;
				INFOPLIST_KEY_UIApplicationSceneManifest_Generation = YES;
				INFOPLIST_KEY_UIApplicationSupportsIndirectInputEvents = YES;
				INFOPLIST_KEY_UILaunchScreen_Generation = YES;
				INFOPLIST_KEY_UISupportedInterfaceOrientations_iPad = "UIInterfaceOrientationPortrait UIInterfaceOrientationPortraitUpsideDown UIInterfaceOrientationLandscapeLeft UIInterfaceOrientationLandscapeRight";
				INFOPLIST_KEY_UISupportedInterfaceOrientations_iPhone = "UIInterfaceOrientationPortrait UIInterfaceOrientationLandscapeLeft UIInterfaceOrientationLandscapeRight";
				LD_RUNPATH_SEARCH_PATHS = (
					"$(inherited)",
					"@executable_path/Frameworks",
				);
				MARKETING_VERSION = 1.0;
				PRODUCT_BUNDLE_IDENTIFIER = thanky.CYC;
				PRODUCT_NAME = "$(TARGET_NAME)";
				SWIFT_EMIT_LOC_STRINGS = YES;
				SWIFT_VERSION = 5.0;
				TARGETED_DEVICE_FAMILY = "1,2";
			};
			name = Release;
		};
/* End XCBuildConfiguration section */

/* Begin XCConfigurationList section */
		6317B3F52B21546D0039795E /* Build configuration list for PBXNativeTarget "CYCWidgetExtension" */ = {
			isa = XCConfigurationList;
			buildConfigurations = (
				6317B3F32B21546D0039795E /* Debug */,
				6317B3F42B21546D0039795E /* Release */,
			);
			defaultConfigurationIsVisible = 0;
			defaultConfigurationName = Release;
		};
		B1ABEA392B200D3000F3C44A /* Build configuration list for PBXProject "CYC" */ = {
			isa = XCConfigurationList;
			buildConfigurations = (
				B1ABEA4A2B200D3200F3C44A /* Debug */,
				B1ABEA4B2B200D3200F3C44A /* Release */,
			);
			defaultConfigurationIsVisible = 0;
			defaultConfigurationName = Release;
		};
		B1ABEA4C2B200D3200F3C44A /* Build configuration list for PBXNativeTarget "CYC" */ = {
			isa = XCConfigurationList;
			buildConfigurations = (
				B1ABEA4D2B200D3200F3C44A /* Debug */,
				B1ABEA4E2B200D3200F3C44A /* Release */,
			);
			defaultConfigurationIsVisible = 0;
			defaultConfigurationName = Release;
		};
/* End XCConfigurationList section */

/* Begin XCRemoteSwiftPackageReference section */
		B1ABEA772B20617500F3C44A /* XCRemoteSwiftPackageReference "firebase-ios-sdk" */ = {
			isa = XCRemoteSwiftPackageReference;
			repositoryURL = "https://github.com/firebase/firebase-ios-sdk";
			requirement = {
				kind = upToNextMajorVersion;
				minimumVersion = 10.19.0;
			};
		};
/* End XCRemoteSwiftPackageReference section */

/* Begin XCSwiftPackageProductDependency section */
		B1ABEA782B20617500F3C44A /* FirebaseAnalytics */ = {
			isa = XCSwiftPackageProductDependency;
			package = B1ABEA772B20617500F3C44A /* XCRemoteSwiftPackageReference "firebase-ios-sdk" */;
			productName = FirebaseAnalytics;
		};
		B1ABEA7A2B20617500F3C44A /* FirebaseAnalyticsOnDeviceConversion */ = {
			isa = XCSwiftPackageProductDependency;
			package = B1ABEA772B20617500F3C44A /* XCRemoteSwiftPackageReference "firebase-ios-sdk" */;
			productName = FirebaseAnalyticsOnDeviceConversion;
		};
		B1ABEA7C2B20617500F3C44A /* FirebaseAnalyticsSwift */ = {
			isa = XCSwiftPackageProductDependency;
			package = B1ABEA772B20617500F3C44A /* XCRemoteSwiftPackageReference "firebase-ios-sdk" */;
			productName = FirebaseAnalyticsSwift;
		};
		B1ABEA7E2B20617500F3C44A /* FirebaseAnalyticsWithoutAdIdSupport */ = {
			isa = XCSwiftPackageProductDependency;
			package = B1ABEA772B20617500F3C44A /* XCRemoteSwiftPackageReference "firebase-ios-sdk" */;
			productName = FirebaseAnalyticsWithoutAdIdSupport;
		};
		B1ABEA802B20617500F3C44A /* FirebaseAppCheck */ = {
			isa = XCSwiftPackageProductDependency;
			package = B1ABEA772B20617500F3C44A /* XCRemoteSwiftPackageReference "firebase-ios-sdk" */;
			productName = FirebaseAppCheck;
		};
		B1ABEA832B20621E00F3C44A /* FirebaseMessaging */ = {
			isa = XCSwiftPackageProductDependency;
			package = B1ABEA772B20617500F3C44A /* XCRemoteSwiftPackageReference "firebase-ios-sdk" */;
			productName = FirebaseMessaging;
		};
/* End XCSwiftPackageProductDependency section */
	};
	rootObject = B1ABEA362B200D3000F3C44A /* Project object */;
}
